<Solution>
  <Folder Name="/Docker Gitignore/">
    <File Path=".gitignore" />
    <File Path="docker-compose.yml" />
  </Folder>
  <Project Path="Api/Api.csproj" />
  <Project Path="Converter/Converter.pyproj" Type="888888a0-9f3d-457c-b088-3a5042f75d52" Id="cce053c7-affc-4390-9d49-688c6169c8fa">
    <Build Project="false" />
  </Project>
  <Project Path="Frontend/Frontend.esproj">
    <Build />
    <Deploy />
  </Project>
</Solution>
